{
  "name": "benzonline",
  "version": "1.0.0",
  "lockfileVersion": 2,
  "requires": true,
  "packages": {
    "": {
      "name": "benzonline",
      "version": "1.0.0",
      "license": "ISC",
      "dependencies": {
        "bootstrap-input-spinner": "^3.1.13",
        "prettier": "^3.0.0-alpha.6",
        "sweetalert2": "^11.10.5"
      }
    },
    "node_modules/bootstrap-input-spinner": {
      "version": "3.1.13",
      "resolved": "https://registry.npmjs.org/bootstrap-input-spinner/-/bootstrap-input-spinner-3.1.13.tgz",
      "integrity": "sha512-o619vMc0HTu4hjD44WK908pptUZP3G84qYzwyFBWlXaFjjZy6q7vdOz1Ndx36tM/wedFPWfha8SfpFjml0L8+Q=="
    },
    "node_modules/prettier": {
      "version": "3.0.0-alpha.6",
      "resolved": "https://registry.npmjs.org/prettier/-/prettier-3.0.0-alpha.6.tgz",
      "integrity": "sha512-AdbQSZ6Oo+iy9Ekzmsgno05P1uX2vqPkjOMJqRfP8hTe+m6iDw4Nt7bPFpWZ/HYCU+3f0P5U0o2ghxQwwkLH7A==",
      "bin": {
        "prettier": "bin/prettier.cjs"
      },
      "engines": {
        "node": ">=14"
      },
      "funding": {
        "url": "https://github.com/prettier/prettier?sponsor=1"
      }
    },
    "node_modules/sweetalert2": {
      "version": "11.10.5",
      "resolved": "https://registry.npmjs.org/sweetalert2/-/sweetalert2-11.10.5.tgz",
      "integrity": "sha512-q9eE3EKhMcpIDU/Xcz7z5lk8axCGkgxwK47gXGrrfncnBJWxHPPHnBVAjfsVXcTt8Yi8U6HNEcBRSu+qGeyFdA==",
      "funding": {
        "type": "individual",
        "url": "https://github.com/sponsors/limonte"
      }
    }
  },
  "dependencies": {
    "bootstrap-input-spinner": {
      "version": "3.1.13",
      "resolved": "https://registry.npmjs.org/bootstrap-input-spinner/-/bootstrap-input-spinner-3.1.13.tgz",
      "integrity": "sha512-o619vMc0HTu4hjD44WK908pptUZP3G84qYzwyFBWlXaFjjZy6q7vdOz1Ndx36tM/wedFPWfha8SfpFjml0L8+Q=="
    },
    "prettier": {
      "version": "3.0.0-alpha.6",
      "resolved": "https://registry.npmjs.org/prettier/-/prettier-3.0.0-alpha.6.tgz",
      "integrity": "sha512-AdbQSZ6Oo+iy9Ekzmsgno05P1uX2vqPkjOMJqRfP8hTe+m6iDw4Nt7bPFpWZ/HYCU+3f0P5U0o2ghxQwwkLH7A=="
    },
    "sweetalert2": {
      "version": "11.10.5",
      "resolved": "https://registry.npmjs.org/sweetalert2/-/sweetalert2-11.10.5.tgz",
      "integrity": "sha512-q9eE3EKhMcpIDU/Xcz7z5lk8axCGkgxwK47gXGrrfncnBJWxHPPHnBVAjfsVXcTt8Yi8U6HNEcBRSu+qGeyFdA=="
    }
  }
}
