{
  "name": "benzonline",
  "version": "1.0.0",
  "lockfileVersion": 2,
  "requires": true,
  "packages": {
    "": {
      "name": "benzonline",
      "version": "1.0.0",
      "license": "ISC",
      "dependencies": {
        "bootstrap-input-spinner": "^3.1.13",
        "sweetalert2": "^11.10.5"
      }
    },
    "node_modules/bootstrap-input-spinner": {
      "version": "3.1.13",
      "resolved": "https://registry.npmjs.org/bootstrap-input-spinner/-/bootstrap-input-spinner-3.1.13.tgz",
      "integrity": "sha512-o619vMc0HTu4hjD44WK908pptUZP3G84qYzwyFBWlXaFjjZy6q7vdOz1Ndx36tM/wedFPWfha8SfpFjml0L8+Q=="
    },
    "node_modules/sweetalert2": {
      "version": "11.10.5",
      "resolved": "https://registry.npmjs.org/sweetalert2/-/sweetalert2-11.10.5.tgz",
      "integrity": "sha512-q9eE3EKhMcpIDU/Xcz7z5lk8axCGkgxwK47gXGrrfncnBJWxHPPHnBVAjfsVXcTt8Yi8U6HNEcBRSu+qGeyFdA==",
      "funding": {
        "type": "individual",
        "url": "https://github.com/sponsors/limonte"
      }
    }
  },
  "dependencies": {
    "bootstrap-input-spinner": {
      "version": "3.1.13",
      "resolved": "https://registry.npmjs.org/bootstrap-input-spinner/-/bootstrap-input-spinner-3.1.13.tgz",
      "integrity": "sha512-o619vMc0HTu4hjD44WK908pptUZP3G84qYzwyFBWlXaFjjZy6q7vdOz1Ndx36tM/wedFPWfha8SfpFjml0L8+Q=="
    },
    "sweetalert2": {
      "version": "11.10.5",
      "resolved": "https://registry.npmjs.org/sweetalert2/-/sweetalert2-11.10.5.tgz",
      "integrity": "sha512-q9eE3EKhMcpIDU/Xcz7z5lk8axCGkgxwK47gXGrrfncnBJWxHPPHnBVAjfsVXcTt8Yi8U6HNEcBRSu+qGeyFdA=="
    }
  }
}
